
Microsoft Visual Studio Solution File, Format Version 12.00
# Visual Studio Version 17
VisualStudioVersion = 17.3.32819.101
MinimumVisualStudioVersion = 10.0.40219.1
Project("{FAE04EC0-301F-11D3-BF4B-00C04F79EFBC}") = "gabriela", "gabriela.csproj", "{1A946B67-BE38-477F-AC30-D3C7D15D4B61}"
EndProject
Global
	GlobalSection(SolutionConfigurationPlatforms) = preSolution
		Debug|Any CPU = Debug|Any CPU
		Release|Any CPU = Release|Any CPU
	EndGlobalSection
	GlobalSection(ProjectConfigurationPlatforms) = postSolution
		{1A946B67-BE38-477F-AC30-D3C7D15D4B61}.Debug|Any CPU.ActiveCfg = Debug|Any CPU
		{1A946B67-BE38-477F-AC30-D3C7D15D4B61}.Debug|Any CPU.Build.0 = Debug|Any CPU
		{1A946B67-BE38-477F-AC30-D3C7D15D4B61}.Release|Any CPU.ActiveCfg = Release|Any CPU
		{1A946B67-BE38-477F-AC30-D3C7D15D4B61}.Release|Any CPU.Build.0 = Release|Any CPU
	EndGlobalSection
	GlobalSection(SolutionProperties) = preSolution
		HideSolutionNode = FALSE
	EndGlobalSection
	GlobalSection(ExtensibilityGlobals) = postSolution
		SolutionGuid = {EE314650-00C9-40AE-9E33-F16C98645EB5}
	EndGlobalSection
EndGlobal
